// !$*UTF8*$!
{
	archiveVersion = 1;
	classes = {
	};
	objectVersion = 77;
	objects = {

/* Begin PBXBuildFile section */
		B1C0F700A1B2C3D4E5F60032 /* CreateServerView.swift in Sources */ = {isa = PBXBuildFile; fileRef = B1C0F700A1B2C3D4E5F60005 /* CreateServerView.swift */; };
		B1C0F700A1B2C3D4E5F60033 /* DoneToolbarTextField.swift in Sources */ = {isa = PBXBuildFile; fileRef = B1C0F700A1B2C3D4E5F60006 /* DoneToolbarTextField.swift */; };
		B1C0F700A1B2C3D4E5F60034 /* FileBrowserView.swift in Sources */ = {isa = PBXBuildFile; fileRef = B1C0F700A1B2C3D4E5F60007 /* FileBrowserView.swift */; };
		B1C0F700A1B2C3D4E5F60045 /* Logger.swift in Sources */ = {isa = PBXBuildFile; fileRef = B1C0F700A1B2C3D4E5F60021 /* Logger.swift */; };
		B1C0F700A1B2C3D4E5F60044 /* ModsView.swift in Sources */ = {isa = PBXBuildFile; fileRef = B1C0F700A1B2C3D4E5F60020 /* ModsView.swift */; };
		B1C0F700A1B2C3D4E5F60046 /* RemoteImage.swift in Sources */ = {isa = PBXBuildFile; fileRef = B1C0F700A1B2C3D4E5F60022 /* RemoteImage.swift */; };
		B1C0F700A1B2C3D4E5F60035 /* JessiJITCheck.m in Sources */ = {isa = PBXBuildFile; fileRef = B1C0F700A1B2C3D4E5F60009 /* JessiJITCheck.m */; };
		B1C0F700A1B2C3D4E5F60036 /* LaunchView.swift in Sources */ = {isa = PBXBuildFile; fileRef = B1C0F700A1B2C3D4E5F6000A /* LaunchView.swift */; };
		B1C0F700A1B2C3D4E5F60037 /* RootTabView.swift in Sources */ = {isa = PBXBuildFile; fileRef = B1C0F700A1B2C3D4E5F6000B /* RootTabView.swift */; };
		B1C0F700A1B2C3D4E5F60038 /* SettingsView.swift in Sources */ = {isa = PBXBuildFile; fileRef = B1C0F700A1B2C3D4E5F6000C /* SettingsView.swift */; };
		B1C0F700A1B2C3D4E5F60039 /* SwiftUIEntry.swift in Sources */ = {isa = PBXBuildFile; fileRef = B1C0F700A1B2C3D4E5F6000D /* SwiftUIEntry.swift */; };
		B1C0F700A1B2C3D4E5F6003A /* JessiAppDelegate.m in Sources */ = {isa = PBXBuildFile; fileRef = B1C0F700A1B2C3D4E5F60011 /* JessiAppDelegate.m */; };
		B1C0F700A1B2C3D4E5F6003B /* JessiJavaRunner.m in Sources */ = {isa = PBXBuildFile; fileRef = B1C0F700A1B2C3D4E5F60012 /* JessiJavaRunner.m */; };
		B1C0F700A1B2C3D4E5F6003C /* JessiPaths.m in Sources */ = {isa = PBXBuildFile; fileRef = B1C0F700A1B2C3D4E5F60014 /* JessiPaths.m */; };
		B1C0F700A1B2C3D4E5F6003D /* JessiServerService.m in Sources */ = {isa = PBXBuildFile; fileRef = B1C0F700A1B2C3D4E5F60016 /* JessiServerService.m */; };
		B1C0F700A1B2C3D4E5F6003E /* JessiServerSoftware.m in Sources */ = {isa = PBXBuildFile; fileRef = B1C0F700A1B2C3D4E5F60018 /* JessiServerSoftware.m */; };
		B1C0F700A1B2C3D4E5F6003F /* JessiSettings.m in Sources */ = {isa = PBXBuildFile; fileRef = B1C0F700A1B2C3D4E5F6001A /* JessiSettings.m */; };
		B1C0F700A1B2C3D4E5F60040 /* main.m in Sources */ = {isa = PBXBuildFile; fileRef = B1C0F700A1B2C3D4E5F6001B /* main.m */; };
		B1C0F700A1B2C3D4E5F60041 /* Assets.xcassets in Resources */ = {isa = PBXBuildFile; fileRef = B1C0F700A1B2C3D4E5F60001 /* Assets.xcassets */; };
		B1C0F700A1B2C3D4E5F60110 /* ZIPFoundation in Frameworks */ = {isa = PBXBuildFile; productRef = B1C0F700A1B2C3D4E5F60100 /* ZIPFoundation */; };
		B1C0F700A1B2C3D4E5F60111 /* SWCompression in Frameworks */ = {isa = PBXBuildFile; productRef = B1C0F700A1B2C3D4E5F60101 /* SWCompression */; };
/* End PBXBuildFile section */

/* Begin PBXFileReference section */
		A6C5248F2F2873DF0030EE41 /* JESSI.app */ = {isa = PBXFileReference; explicitFileType = wrapper.application; includeInIndex = 0; path = JESSI.app; sourceTree = BUILT_PRODUCTS_DIR; };
		B1C0F700A1B2C3D4E5F60001 /* Assets.xcassets */ = {isa = PBXFileReference; lastKnownFileType = folder.assetcatalog; path = Assets.xcassets; sourceTree = "<group>"; };
		B1C0F700A1B2C3D4E5F60004 /* Bridging.h */ = {isa = PBXFileReference; lastKnownFileType = sourcecode.c.h; path = Bridging.h; sourceTree = "<group>"; };
		B1C0F700A1B2C3D4E5F60005 /* CreateServerView.swift */ = {isa = PBXFileReference; lastKnownFileType = sourcecode.swift; path = CreateServerView.swift; sourceTree = "<group>"; };
		B1C0F700A1B2C3D4E5F60006 /* DoneToolbarTextField.swift */ = {isa = PBXFileReference; lastKnownFileType = sourcecode.swift; path = DoneToolbarTextField.swift; sourceTree = "<group>"; };
		B1C0F700A1B2C3D4E5F60007 /* FileBrowserView.swift */ = {isa = PBXFileReference; lastKnownFileType = sourcecode.swift; path = FileBrowserView.swift; sourceTree = "<group>"; };
		B1C0F700A1B2C3D4E5F60020 /* ModsView.swift */ = {isa = PBXFileReference; lastKnownFileType = sourcecode.swift; path = ModsView.swift; sourceTree = "<group>"; };
		B1C0F700A1B2C3D4E5F60021 /* Logger.swift */ = {isa = PBXFileReference; lastKnownFileType = sourcecode.swift; path = Logger.swift; sourceTree = "<group>"; };
		B1C0F700A1B2C3D4E5F60022 /* RemoteImage.swift */ = {isa = PBXFileReference; lastKnownFileType = sourcecode.swift; path = RemoteImage.swift; sourceTree = "<group>"; };
		B1C0F700A1B2C3D4E5F60008 /* JessiJITCheck.h */ = {isa = PBXFileReference; lastKnownFileType = sourcecode.c.h; path = JessiJITCheck.h; sourceTree = "<group>"; };
		B1C0F700A1B2C3D4E5F60009 /* JessiJITCheck.m */ = {isa = PBXFileReference; lastKnownFileType = sourcecode.c.objc; path = JessiJITCheck.m; sourceTree = "<group>"; };
		B1C0F700A1B2C3D4E5F6000A /* LaunchView.swift */ = {isa = PBXFileReference; lastKnownFileType = sourcecode.swift; path = LaunchView.swift; sourceTree = "<group>"; };
		B1C0F700A1B2C3D4E5F6000B /* RootTabView.swift */ = {isa = PBXFileReference; lastKnownFileType = sourcecode.swift; path = RootTabView.swift; sourceTree = "<group>"; };
		B1C0F700A1B2C3D4E5F6000C /* SettingsView.swift */ = {isa = PBXFileReference; lastKnownFileType = sourcecode.swift; path = SettingsView.swift; sourceTree = "<group>"; };
		B1C0F700A1B2C3D4E5F6000D /* SwiftUIEntry.swift */ = {isa = PBXFileReference; lastKnownFileType = sourcecode.swift; path = SwiftUIEntry.swift; sourceTree = "<group>"; };
		B1C0F700A1B2C3D4E5F60010 /* JessiAppDelegate.h */ = {isa = PBXFileReference; lastKnownFileType = sourcecode.c.h; path = JessiAppDelegate.h; sourceTree = "<group>"; };
		B1C0F700A1B2C3D4E5F60011 /* JessiAppDelegate.m */ = {isa = PBXFileReference; lastKnownFileType = sourcecode.c.objc; path = JessiAppDelegate.m; sourceTree = "<group>"; };
		B1C0F700A1B2C3D4E5F60012 /* JessiJavaRunner.m */ = {isa = PBXFileReference; lastKnownFileType = sourcecode.c.objc; path = JessiJavaRunner.m; sourceTree = "<group>"; };
		B1C0F700A1B2C3D4E5F60013 /* JessiPaths.h */ = {isa = PBXFileReference; lastKnownFileType = sourcecode.c.h; path = JessiPaths.h; sourceTree = "<group>"; };
		B1C0F700A1B2C3D4E5F60014 /* JessiPaths.m */ = {isa = PBXFileReference; lastKnownFileType = sourcecode.c.objc; path = JessiPaths.m; sourceTree = "<group>"; };
		B1C0F700A1B2C3D4E5F60015 /* JessiServerService.h */ = {isa = PBXFileReference; lastKnownFileType = sourcecode.c.h; path = JessiServerService.h; sourceTree = "<group>"; };
		B1C0F700A1B2C3D4E5F60016 /* JessiServerService.m */ = {isa = PBXFileReference; lastKnownFileType = sourcecode.c.objc; path = JessiServerService.m; sourceTree = "<group>"; };
		B1C0F700A1B2C3D4E5F60017 /* JessiServerSoftware.h */ = {isa = PBXFileReference; lastKnownFileType = sourcecode.c.h; path = JessiServerSoftware.h; sourceTree = "<group>"; };
		B1C0F700A1B2C3D4E5F60018 /* JessiServerSoftware.m */ = {isa = PBXFileReference; lastKnownFileType = sourcecode.c.objc; path = JessiServerSoftware.m; sourceTree = "<group>"; };
		B1C0F700A1B2C3D4E5F60019 /* JessiSettings.h */ = {isa = PBXFileReference; lastKnownFileType = sourcecode.c.h; path = JessiSettings.h; sourceTree = "<group>"; };
		B1C0F700A1B2C3D4E5F6001A /* JessiSettings.m */ = {isa = PBXFileReference; lastKnownFileType = sourcecode.c.objc; path = JessiSettings.m; sourceTree = "<group>"; };
		B1C0F700A1B2C3D4E5F6001B /* main.m */ = {isa = PBXFileReference; lastKnownFileType = sourcecode.c.objc; path = main.m; sourceTree = "<group>"; };
/* End PBXFileReference section */

/* Begin PBXFrameworksBuildPhase section */
		A6C5248C2F2873DF0030EE41 /* Frameworks */ = {
			isa = PBXFrameworksBuildPhase;
			buildActionMask = 2147483647;
			files = (
				B1C0F700A1B2C3D4E5F60110 /* ZIPFoundation in Frameworks */,
				B1C0F700A1B2C3D4E5F60111 /* SWCompression in Frameworks */,
			);
			runOnlyForDeploymentPostprocessing = 0;
		};
/* End PBXFrameworksBuildPhase section */

/* Begin PBXGroup section */
		A6C524862F2873DF0030EE41 = {
			isa = PBXGroup;
			children = (
				A6C524912F2873DF0030EE41 /* JESSI */,
				A6C524902F2873DF0030EE41 /* Products */,
			);
			sourceTree = "<group>";
		};
		A6C524902F2873DF0030EE41 /* Products */ = {
			isa = PBXGroup;
			children = (
				A6C5248F2F2873DF0030EE41 /* JESSI.app */,
			);
			name = Products;
			sourceTree = "<group>";
		};
		A6C524912F2873DF0030EE41 /* JESSI */ = {
			isa = PBXGroup;
			children = (
				B1C0F700A1B2C3D4E5F60060 /* App */,
				B1C0F700A1B2C3D4E5F60061 /* JessiCore */,
				B1C0F700A1B2C3D4E5F60062 /* SwiftUI */,
			);
			path = JESSI;
			sourceTree = "<group>";
		};
		B1C0F700A1B2C3D4E5F60060 /* App */ = {
			isa = PBXGroup;
			children = (
				B1C0F700A1B2C3D4E5F60001 /* Assets.xcassets */,
			);
			name = App;
			sourceTree = "<group>";
		};
		B1C0F700A1B2C3D4E5F60061 /* JessiCore */ = {
			isa = PBXGroup;
			children = (
				B1C0F700A1B2C3D4E5F60010 /* JessiAppDelegate.h */,
				B1C0F700A1B2C3D4E5F60011 /* JessiAppDelegate.m */,
				B1C0F700A1B2C3D4E5F60012 /* JessiJavaRunner.m */,
				B1C0F700A1B2C3D4E5F60013 /* JessiPaths.h */,
				B1C0F700A1B2C3D4E5F60014 /* JessiPaths.m */,
				B1C0F700A1B2C3D4E5F60015 /* JessiServerService.h */,
				B1C0F700A1B2C3D4E5F60016 /* JessiServerService.m */,
				B1C0F700A1B2C3D4E5F60017 /* JessiServerSoftware.h */,
				B1C0F700A1B2C3D4E5F60018 /* JessiServerSoftware.m */,
				B1C0F700A1B2C3D4E5F60019 /* JessiSettings.h */,
				B1C0F700A1B2C3D4E5F6001A /* JessiSettings.m */,
				B1C0F700A1B2C3D4E5F6001B /* main.m */,
			);
			path = JessiCore;
			sourceTree = "<group>";
		};
		B1C0F700A1B2C3D4E5F60062 /* SwiftUI */ = {
			isa = PBXGroup;
			children = (
				B1C0F700A1B2C3D4E5F60004 /* Bridging.h */,
				B1C0F700A1B2C3D4E5F60005 /* CreateServerView.swift */,
				B1C0F700A1B2C3D4E5F60006 /* DoneToolbarTextField.swift */,
				B1C0F700A1B2C3D4E5F60007 /* FileBrowserView.swift */,
				B1C0F700A1B2C3D4E5F60008 /* JessiJITCheck.h */,
				B1C0F700A1B2C3D4E5F60009 /* JessiJITCheck.m */,
				B1C0F700A1B2C3D4E5F6000A /* LaunchView.swift */,
				B1C0F700A1B2C3D4E5F60021 /* Logger.swift */,
				B1C0F700A1B2C3D4E5F60020 /* ModsView.swift */,
				B1C0F700A1B2C3D4E5F60022 /* RemoteImage.swift */,
				B1C0F700A1B2C3D4E5F6000B /* RootTabView.swift */,
				B1C0F700A1B2C3D4E5F6000C /* SettingsView.swift */,
				B1C0F700A1B2C3D4E5F6000D /* SwiftUIEntry.swift */,
			);
			path = SwiftUI;
			sourceTree = "<group>";
		};
/* End PBXGroup section */

/* Begin PBXNativeTarget section */
		A6C5248E2F2873DF0030EE41 /* JESSI */ = {
			isa = PBXNativeTarget;
			buildConfigurationList = A6C5249A2F2873E10030EE41 /* Build configuration list for PBXNativeTarget "JESSI" */;
			buildPhases = (
				A6C5248B2F2873DF0030EE41 /* Sources */,
				A6C5248C2F2873DF0030EE41 /* Frameworks */,
				A6C5248D2F2873DF0030EE41 /* Resources */,
			);
			buildRules = (
			);
			dependencies = (
			);
			name = JESSI;
			packageProductDependencies = (
				B1C0F700A1B2C3D4E5F60100 /* ZIPFoundation */,
				B1C0F700A1B2C3D4E5F60101 /* SWCompression */,
			);
			productName = JESSI;
			productReference = A6C5248F2F2873DF0030EE41 /* JESSI.app */;
			productType = "com.apple.product-type.application";
		};
/* End PBXNativeTarget section */

/* Begin PBXProject section */
		A6C524872F2873DF0030EE41 /* Project object */ = {
			isa = PBXProject;
			attributes = {
				BuildIndependentTargetsInParallel = 1;
				LastSwiftUpdateCheck = 2620;
				LastUpgradeCheck = 2620;
				TargetAttributes = {
					A6C5248E2F2873DF0030EE41 = {
						CreatedOnToolsVersion = 26.2;
					};
				};
			};
			buildConfigurationList = A6C5248A2F2873DF0030EE41 /* Build configuration list for PBXProject "JESSI" */;
			developmentRegion = en;
			hasScannedForEncodings = 0;
			knownRegions = (
				en,
				Base,
			);
			mainGroup = A6C524862F2873DF0030EE41;
			minimizedProjectReferenceProxies = 1;
			packageReferences = (
				B1C0F700A1B2C3D4E5F60120 /* XCRemoteSwiftPackageReference "ZIPFoundation" */,
				B1C0F700A1B2C3D4E5F60121 /* XCRemoteSwiftPackageReference "SWCompression" */,
			);
			preferredProjectObjectVersion = 77;
			productRefGroup = A6C524902F2873DF0030EE41 /* Products */;
			projectDirPath = "";
			projectRoot = "";
			targets = (
				A6C5248E2F2873DF0030EE41 /* JESSI */,
			);
		};
/* End PBXProject section */

/* Begin PBXResourcesBuildPhase section */
		A6C5248D2F2873DF0030EE41 /* Resources */ = {
			isa = PBXResourcesBuildPhase;
			buildActionMask = 2147483647;
			files = (
				B1C0F700A1B2C3D4E5F60041 /* Assets.xcassets in Resources */,
			);
			runOnlyForDeploymentPostprocessing = 0;
		};
/* End PBXResourcesBuildPhase section */

/* Begin PBXSourcesBuildPhase section */
		A6C5248B2F2873DF0030EE41 /* Sources */ = {
			isa = PBXSourcesBuildPhase;
			buildActionMask = 2147483647;
			files = (
				B1C0F700A1B2C3D4E5F60040 /* main.m in Sources */,
				B1C0F700A1B2C3D4E5F6003A /* JessiAppDelegate.m in Sources */,
				B1C0F700A1B2C3D4E5F6003B /* JessiJavaRunner.m in Sources */,
				B1C0F700A1B2C3D4E5F6003C /* JessiPaths.m in Sources */,
				B1C0F700A1B2C3D4E5F6003D /* JessiServerService.m in Sources */,
				B1C0F700A1B2C3D4E5F6003E /* JessiServerSoftware.m in Sources */,
				B1C0F700A1B2C3D4E5F6003F /* JessiSettings.m in Sources */,
				B1C0F700A1B2C3D4E5F60035 /* JessiJITCheck.m in Sources */,
				B1C0F700A1B2C3D4E5F60032 /* CreateServerView.swift in Sources */,
				B1C0F700A1B2C3D4E5F60033 /* DoneToolbarTextField.swift in Sources */,
				B1C0F700A1B2C3D4E5F60034 /* FileBrowserView.swift in Sources */,
				B1C0F700A1B2C3D4E5F60036 /* LaunchView.swift in Sources */,
				B1C0F700A1B2C3D4E5F60045 /* Logger.swift in Sources */,
				B1C0F700A1B2C3D4E5F60044 /* ModsView.swift in Sources */,
				B1C0F700A1B2C3D4E5F60046 /* RemoteImage.swift in Sources */,
				B1C0F700A1B2C3D4E5F60037 /* RootTabView.swift in Sources */,
				B1C0F700A1B2C3D4E5F60038 /* SettingsView.swift in Sources */,
				B1C0F700A1B2C3D4E5F60039 /* SwiftUIEntry.swift in Sources */,
			);
			runOnlyForDeploymentPostprocessing = 0;
		};
/* End PBXSourcesBuildPhase section */

/* Begin XCBuildConfiguration section */
		A6C524982F2873E10030EE41 /* Debug */ = {
			isa = XCBuildConfiguration;
			buildSettings = {
				ALWAYS_SEARCH_USER_PATHS = NO;
				ASSETCATALOG_COMPILER_GENERATE_SWIFT_ASSET_SYMBOL_EXTENSIONS = YES;
				CLANG_ANALYZER_NONNULL = YES;
				CLANG_ANALYZER_NUMBER_OBJECT_CONVERSION = YES_AGGRESSIVE;
				CLANG_CXX_LANGUAGE_STANDARD = "gnu++20";
				CLANG_ENABLE_MODULES = YES;
				CLANG_ENABLE_OBJC_ARC = YES;
				CLANG_ENABLE_OBJC_WEAK = YES;
				CLANG_WARN_BLOCK_CAPTURE_AUTORELEASING = YES;
				CLANG_WARN_BOOL_CONVERSION = YES;
				CLANG_WARN_COMMA = YES;
				CLANG_WARN_CONSTANT_CONVERSION = YES;
				CLANG_WARN_DEPRECATED_OBJC_IMPLEMENTATIONS = YES;
				CLANG_WARN_DIRECT_OBJC_ISA_USAGE = YES_ERROR;
				CLANG_WARN_DOCUMENTATION_COMMENTS = YES;
				CLANG_WARN_EMPTY_BODY = YES;
				CLANG_WARN_ENUM_CONVERSION = YES;
				CLANG_WARN_INFINITE_RECURSION = YES;
				CLANG_WARN_INT_CONVERSION = YES;
				CLANG_WARN_NON_LITERAL_NULL_CONVERSION = YES;
				CLANG_WARN_OBJC_IMPLICIT_RETAIN_SELF = YES;
				CLANG_WARN_OBJC_LITERAL_CONVERSION = YES;
				CLANG_WARN_OBJC_ROOT_CLASS = YES_ERROR;
				CLANG_WARN_QUOTED_INCLUDE_IN_FRAMEWORK_HEADER = YES;
				CLANG_WARN_RANGE_LOOP_ANALYSIS = YES;
				CLANG_WARN_STRICT_PROTOTYPES = YES;
				CLANG_WARN_SUSPICIOUS_MOVE = YES;
				CLANG_WARN_UNGUARDED_AVAILABILITY = YES_AGGRESSIVE;
				CLANG_WARN_UNREACHABLE_CODE = YES;
				CLANG_WARN__DUPLICATE_METHOD_MATCH = YES;
				COPY_PHASE_STRIP = NO;
				DEBUG_INFORMATION_FORMAT = dwarf;
				ENABLE_STRICT_OBJC_MSGSEND = YES;
				ENABLE_TESTABILITY = YES;
				ENABLE_USER_SCRIPT_SANDBOXING = YES;
				GCC_C_LANGUAGE_STANDARD = gnu17;
				GCC_DYNAMIC_NO_PIC = NO;
				GCC_NO_COMMON_BLOCKS = YES;
				GCC_OPTIMIZATION_LEVEL = 0;
				GCC_PREPROCESSOR_DEFINITIONS = (
					"DEBUG=1",
					"$(inherited)",
				);
				GCC_WARN_64_TO_32_BIT_CONVERSION = YES;
				GCC_WARN_ABOUT_RETURN_TYPE = YES_ERROR;
				GCC_WARN_UNDECLARED_SELECTOR = YES;
				GCC_WARN_UNINITIALIZED_AUTOS = YES_AGGRESSIVE;
				GCC_WARN_UNUSED_FUNCTION = YES;
				GCC_WARN_UNUSED_VARIABLE = YES;
				IPHONEOS_DEPLOYMENT_TARGET = 14.0;
				LOCALIZATION_PREFERS_STRING_CATALOGS = YES;
				MTL_ENABLE_DEBUG_INFO = INCLUDE_SOURCE;
				MTL_FAST_MATH = YES;
				ONLY_ACTIVE_ARCH = YES;
				SDKROOT = iphoneos;
				SWIFT_ACTIVE_COMPILATION_CONDITIONS = "DEBUG $(inherited)";
				SWIFT_OPTIMIZATION_LEVEL = "-Onone";
			};
			name = Debug;
		};
		A6C524992F2873E10030EE41 /* Release */ = {
			isa = XCBuildConfiguration;
			buildSettings = {
				ALWAYS_SEARCH_USER_PATHS = NO;
				ASSETCATALOG_COMPILER_GENERATE_SWIFT_ASSET_SYMBOL_EXTENSIONS = YES;
				CLANG_ANALYZER_NONNULL = YES;
				CLANG_ANALYZER_NUMBER_OBJECT_CONVERSION = YES_AGGRESSIVE;
				CLANG_CXX_LANGUAGE_STANDARD = "gnu++20";
				CLANG_ENABLE_MODULES = YES;
				CLANG_ENABLE_OBJC_ARC = YES;
				CLANG_ENABLE_OBJC_WEAK = YES;
				CLANG_WARN_BLOCK_CAPTURE_AUTORELEASING = YES;
				CLANG_WARN_BOOL_CONVERSION = YES;
				CLANG_WARN_COMMA = YES;
				CLANG_WARN_CONSTANT_CONVERSION = YES;
				CLANG_WARN_DEPRECATED_OBJC_IMPLEMENTATIONS = YES;
				CLANG_WARN_DIRECT_OBJC_ISA_USAGE = YES_ERROR;
				CLANG_WARN_DOCUMENTATION_COMMENTS = YES;
				CLANG_WARN_EMPTY_BODY = YES;
				CLANG_WARN_ENUM_CONVERSION = YES;
				CLANG_WARN_INFINITE_RECURSION = YES;
				CLANG_WARN_INT_CONVERSION = YES;
				CLANG_WARN_NON_LITERAL_NULL_CONVERSION = YES;
				CLANG_WARN_OBJC_IMPLICIT_RETAIN_SELF = YES;
				CLANG_WARN_OBJC_LITERAL_CONVERSION = YES;
				CLANG_WARN_OBJC_ROOT_CLASS = YES_ERROR;
				CLANG_WARN_QUOTED_INCLUDE_IN_FRAMEWORK_HEADER = YES;
				CLANG_WARN_RANGE_LOOP_ANALYSIS = YES;
				CLANG_WARN_STRICT_PROTOTYPES = YES;
				CLANG_WARN_SUSPICIOUS_MOVE = YES;
				CLANG_WARN_UNGUARDED_AVAILABILITY = YES_AGGRESSIVE;
				CLANG_WARN_UNREACHABLE_CODE = YES;
				CLANG_WARN__DUPLICATE_METHOD_MATCH = YES;
				COPY_PHASE_STRIP = NO;
				DEBUG_INFORMATION_FORMAT = "dwarf-with-dsym";
				ENABLE_NS_ASSERTIONS = NO;
				ENABLE_STRICT_OBJC_MSGSEND = YES;
				ENABLE_USER_SCRIPT_SANDBOXING = YES;
				GCC_C_LANGUAGE_STANDARD = gnu17;
				GCC_NO_COMMON_BLOCKS = YES;
				GCC_WARN_64_TO_32_BIT_CONVERSION = YES;
				GCC_WARN_ABOUT_RETURN_TYPE = YES_ERROR;
				GCC_WARN_UNDECLARED_SELECTOR = YES;
				GCC_WARN_UNINITIALIZED_AUTOS = YES_AGGRESSIVE;
				GCC_WARN_UNUSED_FUNCTION = YES;
				GCC_WARN_UNUSED_VARIABLE = YES;
				IPHONEOS_DEPLOYMENT_TARGET = 14.0;
				LOCALIZATION_PREFERS_STRING_CATALOGS = YES;
				MTL_ENABLE_DEBUG_INFO = NO;
				MTL_FAST_MATH = YES;
				SDKROOT = iphoneos;
				SWIFT_COMPILATION_MODE = wholemodule;
				VALIDATE_PRODUCT = YES;
			};
			name = Release;
		};
		A6C5249B2F2873E10030EE41 /* Debug */ = {
			isa = XCBuildConfiguration;
			buildSettings = {
				ASSETCATALOG_COMPILER_APPICON_NAME = AppIcon;
				ASSETCATALOG_COMPILER_GLOBAL_ACCENT_COLOR_NAME = AccentColor;
				CODE_SIGN_ENTITLEMENTS = Config/JESSI.entitlements;
				CODE_SIGN_STYLE = Automatic;
				CURRENT_PROJECT_VERSION = 1;
				DEVELOPMENT_TEAM = Q99T4XZBJT;
				ENABLE_DEBUG_DYLIB = NO;
				ENABLE_PREVIEWS = NO;
				ENABLE_USER_SCRIPT_SANDBOXING = NO;
				GCC_SYMBOLS_PRIVATE_EXTERN = NO;
				GENERATE_INFOPLIST_FILE = NO;
				INFOPLIST_FILE = Config/Info.plist;
				INFOPLIST_KEY_UIApplicationSceneManifest_Generation = NO;
				IPHONEOS_DEPLOYMENT_TARGET = 14.0;
				LD_RUNPATH_SEARCH_PATHS = (
					"$(inherited)",
					"@executable_path/Frameworks",
				);
				MARKETING_VERSION = 1.0;
				OTHER_LDFLAGS = (
					"$(inherited)",
					"-Wl,-e,_main",
					"-Wl,-export_dynamic",
					"-Wl,-exported_symbol,_main",
				);
				PRODUCT_BUNDLE_IDENTIFIER = com.baconmania.jessi;
				PRODUCT_NAME = "$(TARGET_NAME)";
				STRING_CATALOG_GENERATE_SYMBOLS = YES;
				SWIFT_APPROACHABLE_CONCURRENCY = YES;
				SWIFT_DEFAULT_ACTOR_ISOLATION = MainActor;
				SWIFT_EMIT_LOC_STRINGS = YES;
				SWIFT_OBJC_BRIDGING_HEADER = "$(SRCROOT)/JESSI/SwiftUI/Bridging.h";
				SWIFT_UPCOMING_FEATURE_MEMBER_IMPORT_VISIBILITY = YES;
				SWIFT_VERSION = 5.0;
				TARGETED_DEVICE_FAMILY = "1,2";
			};
			name = Debug;
		};
		A6C5249C2F2873E10030EE41 /* Release */ = {
			isa = XCBuildConfiguration;
			buildSettings = {
				ASSETCATALOG_COMPILER_APPICON_NAME = AppIcon;
				ASSETCATALOG_COMPILER_GLOBAL_ACCENT_COLOR_NAME = AccentColor;
				CODE_SIGN_ENTITLEMENTS = Config/JESSI.entitlements;
				CODE_SIGN_STYLE = Automatic;
				CURRENT_PROJECT_VERSION = 1;
				DEVELOPMENT_TEAM = Q99T4XZBJT;
				ENABLE_DEBUG_DYLIB = NO;
				ENABLE_PREVIEWS = NO;
				ENABLE_USER_SCRIPT_SANDBOXING = NO;
				GCC_SYMBOLS_PRIVATE_EXTERN = NO;
				GENERATE_INFOPLIST_FILE = NO;
				INFOPLIST_FILE = Config/Info.plist;
				INFOPLIST_KEY_UIApplicationSceneManifest_Generation = NO;
				IPHONEOS_DEPLOYMENT_TARGET = 14.0;
				LD_RUNPATH_SEARCH_PATHS = (
					"$(inherited)",
					"@executable_path/Frameworks",
				);
				MARKETING_VERSION = 1.0;
				OTHER_LDFLAGS = (
					"$(inherited)",
					"-Wl,-e,_main",
					"-Wl,-export_dynamic",
					"-Wl,-exported_symbol,_main",
				);
				PRODUCT_BUNDLE_IDENTIFIER = com.baconmania.jessi;
				PRODUCT_NAME = "$(TARGET_NAME)";
				STRING_CATALOG_GENERATE_SYMBOLS = YES;
				SWIFT_APPROACHABLE_CONCURRENCY = YES;
				SWIFT_DEFAULT_ACTOR_ISOLATION = MainActor;
				SWIFT_EMIT_LOC_STRINGS = YES;
				SWIFT_OBJC_BRIDGING_HEADER = "$(SRCROOT)/JESSI/SwiftUI/Bridging.h";
				SWIFT_UPCOMING_FEATURE_MEMBER_IMPORT_VISIBILITY = YES;
				SWIFT_VERSION = 5.0;
				TARGETED_DEVICE_FAMILY = "1,2";
			};
			name = Release;
		};
/* End XCBuildConfiguration section */

/* Begin XCConfigurationList section */
		A6C5248A2F2873DF0030EE41 /* Build configuration list for PBXProject "JESSI" */ = {
			isa = XCConfigurationList;
			buildConfigurations = (
				A6C524982F2873E10030EE41 /* Debug */,
				A6C524992F2873E10030EE41 /* Release */,
			);
			defaultConfigurationIsVisible = 0;
			defaultConfigurationName = Release;
		};
		A6C5249A2F2873E10030EE41 /* Build configuration list for PBXNativeTarget "JESSI" */ = {
			isa = XCConfigurationList;
			buildConfigurations = (
				A6C5249B2F2873E10030EE41 /* Debug */,
				A6C5249C2F2873E10030EE41 /* Release */,
			);
			defaultConfigurationIsVisible = 0;
			defaultConfigurationName = Release;
		};
/* End XCConfigurationList section */

/* Begin XCRemoteSwiftPackageReference section */
		B1C0F700A1B2C3D4E5F60120 /* XCRemoteSwiftPackageReference "ZIPFoundation" */ = {
			isa = XCRemoteSwiftPackageReference;
			repositoryURL = "https://github.com/weichsel/ZIPFoundation";
			requirement = {
				kind = upToNextMajorVersion;
				minimumVersion = 0.9.0;
			};
		};
		B1C0F700A1B2C3D4E5F60121 /* XCRemoteSwiftPackageReference "SWCompression" */ = {
			isa = XCRemoteSwiftPackageReference;
			repositoryURL = "https://github.com/tsolomko/SWCompression";
			requirement = {
				kind = upToNextMajorVersion;
				minimumVersion = 4.0.0;
			};
		};
/* End XCRemoteSwiftPackageReference section */

/* Begin XCSwiftPackageProductDependency section */
		B1C0F700A1B2C3D4E5F60100 /* ZIPFoundation */ = {
			isa = XCSwiftPackageProductDependency;
			package = B1C0F700A1B2C3D4E5F60120 /* XCRemoteSwiftPackageReference "ZIPFoundation" */;
			productName = ZIPFoundation;
		};
		B1C0F700A1B2C3D4E5F60101 /* SWCompression */ = {
			isa = XCSwiftPackageProductDependency;
			package = B1C0F700A1B2C3D4E5F60121 /* XCRemoteSwiftPackageReference "SWCompression" */;
			productName = SWCompression;
		};
/* End XCSwiftPackageProductDependency section */
	};
	rootObject = A6C524872F2873DF0030EE41 /* Project object */;
}
